
Microsoft Visual Studio Solution File, Format Version 12.00
# Visual Studio Version 16
VisualStudioVersion = 16.0.31727.386
MinimumVisualStudioVersion = 10.0.40219.1
Project("{FAE04EC0-301F-11D3-BF4B-00C04F79EFBC}") = "11_22_33", "11_22_33\11_22_33.csproj", "{E4CD608D-279C-40C9-90FB-C2B804773BD5}"
EndProject
Global
	GlobalSection(SolutionConfigurationPlatforms) = preSolution
		Debug|Any CPU = Debug|Any CPU
		Release|Any CPU = Release|Any CPU
	EndGlobalSection
	GlobalSection(ProjectConfigurationPlatforms) = postSolution
		{E4CD608D-279C-40C9-90FB-C2B804773BD5}.Debug|Any CPU.ActiveCfg = Debug|Any CPU
		{E4CD608D-279C-40C9-90FB-C2B804773BD5}.Debug|Any CPU.Build.0 = Debug|Any CPU
		{E4CD608D-279C-40C9-90FB-C2B804773BD5}.Release|Any CPU.ActiveCfg = Release|Any CPU
		{E4CD608D-279C-40C9-90FB-C2B804773BD5}.Release|Any CPU.Build.0 = Release|Any CPU
	EndGlobalSection
	GlobalSection(SolutionProperties) = preSolution
		HideSolutionNode = FALSE
	EndGlobalSection
	GlobalSection(ExtensibilityGlobals) = postSolution
		SolutionGuid = {638BDEC6-CF65-4514-99E4-CA29B7EAED3A}
	EndGlobalSection
EndGlobal
